
Microsoft Visual Studio Solution File, Format Version 12.00
# Visual Studio Version 17
VisualStudioVersion = 17.11.35327.3
MinimumVisualStudioVersion = 10.0.40219.1
Project("{2150E333-8FDC-42A3-9474-1A3956D46DE8}") = "Solution Items", "Solution Items", "{27C3A9EB-83FD-4E1E-AE16-DF545656668D}"
	ProjectSection(SolutionItems) = preProject
		global.json = global.json
		README.md = README.md
	EndProjectSection
EndProject
Project("{2150E333-8FDC-42A3-9474-1A3956D46DE8}") = "Src", "Src", "{EDD41C71-E88D-4C43-9B9B-402E7B5E97EE}"
	ProjectSection(SolutionItems) = preProject
		src\docker-compose.override.yml = src\docker-compose.override.yml
		src\docker-compose.yml = src\docker-compose.yml
	EndProjectSection
EndProject
Project("{2150E333-8FDC-42A3-9474-1A3956D46DE8}") = "Tests", "Tests", "{DA9093EF-ED57-439C-9AC0-8604D3340A11}"
EndProject
Project("{2150E333-8FDC-42A3-9474-1A3956D46DE8}") = "ApiGateways", "ApiGateways", "{4A37E743-D877-4EAB-8488-16B9313DC299}"
EndProject
Project("{2150E333-8FDC-42A3-9474-1A3956D46DE8}") = "BuildingBlocks", "BuildingBlocks", "{0C1345BE-B680-403D-9EDF-EA2EF212791A}"
EndProject
Project("{2150E333-8FDC-42A3-9474-1A3956D46DE8}") = "Services", "Services", "{FBBE19B2-3F89-46F1-8776-96FFD6FB7A18}"
EndProject
Project("{2150E333-8FDC-42A3-9474-1A3956D46DE8}") = "WebApps", "WebApps", "{33150D71-EEC2-475B-9E83-FBFBDAA2123E}"
EndProject
Project("{9A19103F-16F7-4668-BE54-9A1E7A4F7556}") = "Common.Logging", "src\BuildingBlocks\Common.Logging\Common.Logging.csproj", "{604FE916-E4F3-4578-A45A-38364ACAAD6A}"
EndProject
Project("{9A19103F-16F7-4668-BE54-9A1E7A4F7556}") = "EventBus.Messages", "src\BuildingBlocks\EventBus.Messages\EventBus.Messages.csproj", "{51517219-7AEE-490A-8F13-399A75DCC3AA}"
EndProject
Project("{2150E333-8FDC-42A3-9474-1A3956D46DE8}") = "Customer", "Customer", "{5F05B53E-2009-48AF-AFC2-AB29B6845F33}"
EndProject
Project("{2150E333-8FDC-42A3-9474-1A3956D46DE8}") = "Basket", "Basket", "{1E1975F9-4EDF-4675-9066-B6A35F468729}"
EndProject
Project("{2150E333-8FDC-42A3-9474-1A3956D46DE8}") = "Product", "Product", "{7A21DDD9-43ED-441C-AEEE-A9B50E3627E6}"
EndProject
Project("{2150E333-8FDC-42A3-9474-1A3956D46DE8}") = "Inventory", "Inventory", "{04EC9D49-59F6-41A3-A9DE-6111468A94D4}"
EndProject
Project("{2150E333-8FDC-42A3-9474-1A3956D46DE8}") = "Ordering", "Ordering", "{523880CD-C189-482D-BA95-CA98CC26E0BC}"
EndProject
Project("{2150E333-8FDC-42A3-9474-1A3956D46DE8}") = "ScheduledJob", "ScheduledJob", "{495243C4-736A-4031-A606-7C1744089DB6}"
EndProject
Project("{9A19103F-16F7-4668-BE54-9A1E7A4F7556}") = "WebHealthStatus", "src\WebApps\WebHealthStatus\WebHealthStatus.csproj", "{49ECDF4D-2C3E-4EB3-A34C-BBDFE46442D2}"
EndProject
Project("{9A19103F-16F7-4668-BE54-9A1E7A4F7556}") = "Basket.API", "src\Services\Basket.API\Basket.API.csproj", "{602A3547-0F34-472A-B0D6-2031C0784CEB}"
EndProject
Project("{9A19103F-16F7-4668-BE54-9A1E7A4F7556}") = "Customer.API", "src\Services\Customer.API\Customer.API.csproj", "{C2DCD33A-4283-4224-A172-684FE3133127}"
EndProject
Project("{9A19103F-16F7-4668-BE54-9A1E7A4F7556}") = "Inventory.Product.API", "src\Services\Inventory.Product.API\Inventory.Product.API.csproj", "{BCD072F3-CC98-4A95-85DF-62B4F420AD28}"
EndProject
Project("{9A19103F-16F7-4668-BE54-9A1E7A4F7556}") = "Ordering.API", "src\Services\Ordering.API\Ordering.API.csproj", "{B3455ACE-E328-4AF4-A78B-7C8D6FF44C76}"
EndProject
Project("{9A19103F-16F7-4668-BE54-9A1E7A4F7556}") = "Product.API", "src\Services\Product.API\Product.API.csproj", "{8A423D51-15D9-46F4-B7B1-454E1CB6B5EC}"
EndProject
Project("{9A19103F-16F7-4668-BE54-9A1E7A4F7556}") = "HangFire.API", "src\Services\HangFire.API\HangFire.API.csproj", "{A12B75F1-B507-4A58-BBC2-613683AC03F7}"
EndProject
Project("{9A19103F-16F7-4668-BE54-9A1E7A4F7556}") = "Contracts", "src\BuildingBlocks\Contracts\Contracts.csproj", "{33E16550-5EAA-4C8A-BB3C-43FAD686CF05}"
EndProject
Project("{9A19103F-16F7-4668-BE54-9A1E7A4F7556}") = "Infrastructure", "src\BuildingBlocks\Infrastructure\Infrastructure.csproj", "{F5737524-9D58-4E29-AA41-D479C88ABC8E}"
EndProject
Project("{9A19103F-16F7-4668-BE54-9A1E7A4F7556}") = "Shared", "src\BuildingBlocks\Share\Shared.csproj", "{E2816F49-25DD-4436-B965-1EEA43218AA1}"
EndProject
Project("{9A19103F-16F7-4668-BE54-9A1E7A4F7556}") = "OcelotApiGw", "src\ApiGateways\OcelotApiGw\OcelotApiGw.csproj", "{657D8D55-D98C-48FB-BB6E-DAFF2344A4E9}"
EndProject
Global
	GlobalSection(SolutionConfigurationPlatforms) = preSolution
		Debug|Any CPU = Debug|Any CPU
		Release|Any CPU = Release|Any CPU
	EndGlobalSection
	GlobalSection(ProjectConfigurationPlatforms) = postSolution
		{604FE916-E4F3-4578-A45A-38364ACAAD6A}.Debug|Any CPU.ActiveCfg = Debug|Any CPU
		{604FE916-E4F3-4578-A45A-38364ACAAD6A}.Debug|Any CPU.Build.0 = Debug|Any CPU
		{604FE916-E4F3-4578-A45A-38364ACAAD6A}.Release|Any CPU.ActiveCfg = Release|Any CPU
		{604FE916-E4F3-4578-A45A-38364ACAAD6A}.Release|Any CPU.Build.0 = Release|Any CPU
		{51517219-7AEE-490A-8F13-399A75DCC3AA}.Debug|Any CPU.ActiveCfg = Debug|Any CPU
		{51517219-7AEE-490A-8F13-399A75DCC3AA}.Debug|Any CPU.Build.0 = Debug|Any CPU
		{51517219-7AEE-490A-8F13-399A75DCC3AA}.Release|Any CPU.ActiveCfg = Release|Any CPU
		{51517219-7AEE-490A-8F13-399A75DCC3AA}.Release|Any CPU.Build.0 = Release|Any CPU
		{49ECDF4D-2C3E-4EB3-A34C-BBDFE46442D2}.Debug|Any CPU.ActiveCfg = Debug|Any CPU
		{49ECDF4D-2C3E-4EB3-A34C-BBDFE46442D2}.Debug|Any CPU.Build.0 = Debug|Any CPU
		{49ECDF4D-2C3E-4EB3-A34C-BBDFE46442D2}.Release|Any CPU.ActiveCfg = Release|Any CPU
		{49ECDF4D-2C3E-4EB3-A34C-BBDFE46442D2}.Release|Any CPU.Build.0 = Release|Any CPU
		{602A3547-0F34-472A-B0D6-2031C0784CEB}.Debug|Any CPU.ActiveCfg = Debug|Any CPU
		{602A3547-0F34-472A-B0D6-2031C0784CEB}.Debug|Any CPU.Build.0 = Debug|Any CPU
		{602A3547-0F34-472A-B0D6-2031C0784CEB}.Release|Any CPU.ActiveCfg = Release|Any CPU
		{602A3547-0F34-472A-B0D6-2031C0784CEB}.Release|Any CPU.Build.0 = Release|Any CPU
		{C2DCD33A-4283-4224-A172-684FE3133127}.Debug|Any CPU.ActiveCfg = Debug|Any CPU
		{C2DCD33A-4283-4224-A172-684FE3133127}.Debug|Any CPU.Build.0 = Debug|Any CPU
		{C2DCD33A-4283-4224-A172-684FE3133127}.Release|Any CPU.ActiveCfg = Release|Any CPU
		{C2DCD33A-4283-4224-A172-684FE3133127}.Release|Any CPU.Build.0 = Release|Any CPU
		{BCD072F3-CC98-4A95-85DF-62B4F420AD28}.Debug|Any CPU.ActiveCfg = Debug|Any CPU
		{BCD072F3-CC98-4A95-85DF-62B4F420AD28}.Debug|Any CPU.Build.0 = Debug|Any CPU
		{BCD072F3-CC98-4A95-85DF-62B4F420AD28}.Release|Any CPU.ActiveCfg = Release|Any CPU
		{BCD072F3-CC98-4A95-85DF-62B4F420AD28}.Release|Any CPU.Build.0 = Release|Any CPU
		{B3455ACE-E328-4AF4-A78B-7C8D6FF44C76}.Debug|Any CPU.ActiveCfg = Debug|Any CPU
		{B3455ACE-E328-4AF4-A78B-7C8D6FF44C76}.Debug|Any CPU.Build.0 = Debug|Any CPU
		{B3455ACE-E328-4AF4-A78B-7C8D6FF44C76}.Release|Any CPU.ActiveCfg = Release|Any CPU
		{B3455ACE-E328-4AF4-A78B-7C8D6FF44C76}.Release|Any CPU.Build.0 = Release|Any CPU
		{8A423D51-15D9-46F4-B7B1-454E1CB6B5EC}.Debug|Any CPU.ActiveCfg = Debug|Any CPU
		{8A423D51-15D9-46F4-B7B1-454E1CB6B5EC}.Debug|Any CPU.Build.0 = Debug|Any CPU
		{8A423D51-15D9-46F4-B7B1-454E1CB6B5EC}.Release|Any CPU.ActiveCfg = Release|Any CPU
		{8A423D51-15D9-46F4-B7B1-454E1CB6B5EC}.Release|Any CPU.Build.0 = Release|Any CPU
		{A12B75F1-B507-4A58-BBC2-613683AC03F7}.Debug|Any CPU.ActiveCfg = Debug|Any CPU
		{A12B75F1-B507-4A58-BBC2-613683AC03F7}.Debug|Any CPU.Build.0 = Debug|Any CPU
		{A12B75F1-B507-4A58-BBC2-613683AC03F7}.Release|Any CPU.ActiveCfg = Release|Any CPU
		{A12B75F1-B507-4A58-BBC2-613683AC03F7}.Release|Any CPU.Build.0 = Release|Any CPU
		{33E16550-5EAA-4C8A-BB3C-43FAD686CF05}.Debug|Any CPU.ActiveCfg = Debug|Any CPU
		{33E16550-5EAA-4C8A-BB3C-43FAD686CF05}.Debug|Any CPU.Build.0 = Debug|Any CPU
		{33E16550-5EAA-4C8A-BB3C-43FAD686CF05}.Release|Any CPU.ActiveCfg = Release|Any CPU
		{33E16550-5EAA-4C8A-BB3C-43FAD686CF05}.Release|Any CPU.Build.0 = Release|Any CPU
		{F5737524-9D58-4E29-AA41-D479C88ABC8E}.Debug|Any CPU.ActiveCfg = Debug|Any CPU
		{F5737524-9D58-4E29-AA41-D479C88ABC8E}.Debug|Any CPU.Build.0 = Debug|Any CPU
		{F5737524-9D58-4E29-AA41-D479C88ABC8E}.Release|Any CPU.ActiveCfg = Release|Any CPU
		{F5737524-9D58-4E29-AA41-D479C88ABC8E}.Release|Any CPU.Build.0 = Release|Any CPU
		{E2816F49-25DD-4436-B965-1EEA43218AA1}.Debug|Any CPU.ActiveCfg = Debug|Any CPU
		{E2816F49-25DD-4436-B965-1EEA43218AA1}.Debug|Any CPU.Build.0 = Debug|Any CPU
		{E2816F49-25DD-4436-B965-1EEA43218AA1}.Release|Any CPU.ActiveCfg = Release|Any CPU
		{E2816F49-25DD-4436-B965-1EEA43218AA1}.Release|Any CPU.Build.0 = Release|Any CPU
		{657D8D55-D98C-48FB-BB6E-DAFF2344A4E9}.Debug|Any CPU.ActiveCfg = Debug|Any CPU
		{657D8D55-D98C-48FB-BB6E-DAFF2344A4E9}.Debug|Any CPU.Build.0 = Debug|Any CPU
		{657D8D55-D98C-48FB-BB6E-DAFF2344A4E9}.Release|Any CPU.ActiveCfg = Release|Any CPU
		{657D8D55-D98C-48FB-BB6E-DAFF2344A4E9}.Release|Any CPU.Build.0 = Release|Any CPU
	EndGlobalSection
	GlobalSection(SolutionProperties) = preSolution
		HideSolutionNode = FALSE
	EndGlobalSection
	GlobalSection(NestedProjects) = preSolution
		{DA9093EF-ED57-439C-9AC0-8604D3340A11} = {27C3A9EB-83FD-4E1E-AE16-DF545656668D}
		{4A37E743-D877-4EAB-8488-16B9313DC299} = {EDD41C71-E88D-4C43-9B9B-402E7B5E97EE}
		{0C1345BE-B680-403D-9EDF-EA2EF212791A} = {EDD41C71-E88D-4C43-9B9B-402E7B5E97EE}
		{FBBE19B2-3F89-46F1-8776-96FFD6FB7A18} = {EDD41C71-E88D-4C43-9B9B-402E7B5E97EE}
		{33150D71-EEC2-475B-9E83-FBFBDAA2123E} = {EDD41C71-E88D-4C43-9B9B-402E7B5E97EE}
		{604FE916-E4F3-4578-A45A-38364ACAAD6A} = {0C1345BE-B680-403D-9EDF-EA2EF212791A}
		{51517219-7AEE-490A-8F13-399A75DCC3AA} = {0C1345BE-B680-403D-9EDF-EA2EF212791A}
		{5F05B53E-2009-48AF-AFC2-AB29B6845F33} = {FBBE19B2-3F89-46F1-8776-96FFD6FB7A18}
		{1E1975F9-4EDF-4675-9066-B6A35F468729} = {FBBE19B2-3F89-46F1-8776-96FFD6FB7A18}
		{7A21DDD9-43ED-441C-AEEE-A9B50E3627E6} = {FBBE19B2-3F89-46F1-8776-96FFD6FB7A18}
		{04EC9D49-59F6-41A3-A9DE-6111468A94D4} = {FBBE19B2-3F89-46F1-8776-96FFD6FB7A18}
		{523880CD-C189-482D-BA95-CA98CC26E0BC} = {FBBE19B2-3F89-46F1-8776-96FFD6FB7A18}
		{495243C4-736A-4031-A606-7C1744089DB6} = {FBBE19B2-3F89-46F1-8776-96FFD6FB7A18}
		{49ECDF4D-2C3E-4EB3-A34C-BBDFE46442D2} = {33150D71-EEC2-475B-9E83-FBFBDAA2123E}
		{602A3547-0F34-472A-B0D6-2031C0784CEB} = {1E1975F9-4EDF-4675-9066-B6A35F468729}
		{C2DCD33A-4283-4224-A172-684FE3133127} = {5F05B53E-2009-48AF-AFC2-AB29B6845F33}
		{BCD072F3-CC98-4A95-85DF-62B4F420AD28} = {04EC9D49-59F6-41A3-A9DE-6111468A94D4}
		{B3455ACE-E328-4AF4-A78B-7C8D6FF44C76} = {523880CD-C189-482D-BA95-CA98CC26E0BC}
		{8A423D51-15D9-46F4-B7B1-454E1CB6B5EC} = {7A21DDD9-43ED-441C-AEEE-A9B50E3627E6}
		{A12B75F1-B507-4A58-BBC2-613683AC03F7} = {495243C4-736A-4031-A606-7C1744089DB6}
		{33E16550-5EAA-4C8A-BB3C-43FAD686CF05} = {0C1345BE-B680-403D-9EDF-EA2EF212791A}
		{F5737524-9D58-4E29-AA41-D479C88ABC8E} = {0C1345BE-B680-403D-9EDF-EA2EF212791A}
		{E2816F49-25DD-4436-B965-1EEA43218AA1} = {0C1345BE-B680-403D-9EDF-EA2EF212791A}
		{657D8D55-D98C-48FB-BB6E-DAFF2344A4E9} = {4A37E743-D877-4EAB-8488-16B9313DC299}
	EndGlobalSection
	GlobalSection(ExtensibilityGlobals) = postSolution
		SolutionGuid = {995DF556-69B3-4E2E-98E1-92E50D0F66FF}
	EndGlobalSection
EndGlobal
